
Microsoft Visual Studio Solution File, Format Version 11.00
# Visual Studio 2010
Project("{FAE04EC0-301F-11D3-BF4B-00C04F79EFBC}") = "PDFMerge", "PDFMerge.csproj", "{CC349F8D-B7D6-4D2A-B5E8-50877F76DA09}"
EndProject
Project("{FAE04EC0-301F-11D3-BF4B-00C04F79EFBC}") = "itextsharp", "..\..\References\itextsharp5.1.1\itextsharp.csproj", "{84C4FDD9-3ED7-453B-B9DA-B3ED52CB071C}"
EndProject
Global
	GlobalSection(SolutionConfigurationPlatforms) = preSolution
		Debug|Any CPU = Debug|Any CPU
		Debug|Mixed Platforms = Debug|Mixed Platforms
		Debug|x86 = Debug|x86
		Release|Any CPU = Release|Any CPU
		Release|Mixed Platforms = Release|Mixed Platforms
		Release|x86 = Release|x86
	EndGlobalSection
	GlobalSection(ProjectConfigurationPlatforms) = postSolution
		{CC349F8D-B7D6-4D2A-B5E8-50877F76DA09}.Debug|Any CPU.ActiveCfg = Debug|x86
		{CC349F8D-B7D6-4D2A-B5E8-50877F76DA09}.Debug|Mixed Platforms.ActiveCfg = Debug|x86
		{CC349F8D-B7D6-4D2A-B5E8-50877F76DA09}.Debug|Mixed Platforms.Build.0 = Debug|x86
		{CC349F8D-B7D6-4D2A-B5E8-50877F76DA09}.Debug|x86.ActiveCfg = Debug|x86
		{CC349F8D-B7D6-4D2A-B5E8-50877F76DA09}.Debug|x86.Build.0 = Debug|x86
		{CC349F8D-B7D6-4D2A-B5E8-50877F76DA09}.Release|Any CPU.ActiveCfg = Release|x86
		{CC349F8D-B7D6-4D2A-B5E8-50877F76DA09}.Release|Mixed Platforms.ActiveCfg = Release|x86
		{CC349F8D-B7D6-4D2A-B5E8-50877F76DA09}.Release|Mixed Platforms.Build.0 = Release|x86
		{CC349F8D-B7D6-4D2A-B5E8-50877F76DA09}.Release|x86.ActiveCfg = Release|x86
		{CC349F8D-B7D6-4D2A-B5E8-50877F76DA09}.Release|x86.Build.0 = Release|x86
		{84C4FDD9-3ED7-453B-B9DA-B3ED52CB071C}.Debug|Any CPU.ActiveCfg = Debug|Any CPU
		{84C4FDD9-3ED7-453B-B9DA-B3ED52CB071C}.Debug|Any CPU.Build.0 = Debug|Any CPU
		{84C4FDD9-3ED7-453B-B9DA-B3ED52CB071C}.Debug|Mixed Platforms.ActiveCfg = Debug|Any CPU
		{84C4FDD9-3ED7-453B-B9DA-B3ED52CB071C}.Debug|Mixed Platforms.Build.0 = Debug|Any CPU
		{84C4FDD9-3ED7-453B-B9DA-B3ED52CB071C}.Debug|x86.ActiveCfg = Debug|Any CPU
		{84C4FDD9-3ED7-453B-B9DA-B3ED52CB071C}.Release|Any CPU.ActiveCfg = Release|Any CPU
		{84C4FDD9-3ED7-453B-B9DA-B3ED52CB071C}.Release|Any CPU.Build.0 = Release|Any CPU
		{84C4FDD9-3ED7-453B-B9DA-B3ED52CB071C}.Release|Mixed Platforms.ActiveCfg = Release|Any CPU
		{84C4FDD9-3ED7-453B-B9DA-B3ED52CB071C}.Release|Mixed Platforms.Build.0 = Release|Any CPU
		{84C4FDD9-3ED7-453B-B9DA-B3ED52CB071C}.Release|x86.ActiveCfg = Release|Any CPU
	EndGlobalSection
	GlobalSection(SolutionProperties) = preSolution
		HideSolutionNode = FALSE
	EndGlobalSection
EndGlobal
